
Microsoft Visual Studio Solution File, Format Version 12.00
# Visual Studio Version 16
VisualStudioVersion = 16.0.31321.278
MinimumVisualStudioVersion = 10.0.40219.1
Project("{FAE04EC0-301F-11D3-BF4B-00C04F79EFBC}") = "FormPrincipal", "FormPrincipal\FormPrincipal.csproj", "{9CE111A1-D326-4C84-B0E0-305ED97284D7}"
EndProject
Global
	GlobalSection(SolutionConfigurationPlatforms) = preSolution
		Debug|Any CPU = Debug|Any CPU
		Release|Any CPU = Release|Any CPU
	EndGlobalSection
	GlobalSection(ProjectConfigurationPlatforms) = postSolution
		{9CE111A1-D326-4C84-B0E0-305ED97284D7}.Debug|Any CPU.ActiveCfg = Debug|Any CPU
		{9CE111A1-D326-4C84-B0E0-305ED97284D7}.Debug|Any CPU.Build.0 = Debug|Any CPU
		{9CE111A1-D326-4C84-B0E0-305ED97284D7}.Release|Any CPU.ActiveCfg = Release|Any CPU
		{9CE111A1-D326-4C84-B0E0-305ED97284D7}.Release|Any CPU.Build.0 = Release|Any CPU
	EndGlobalSection
	GlobalSection(SolutionProperties) = preSolution
		HideSolutionNode = FALSE
	EndGlobalSection
	GlobalSection(ExtensibilityGlobals) = postSolution
		SolutionGuid = {4294A3D4-609A-4275-BCA9-5B890E1C66D0}
	EndGlobalSection
EndGlobal
